// !$*UTF8*$!
{
	archiveVersion = 1;
	classes = {
	};
	objectVersion = 55;
	objects = {

/* Begin PBXBuildFile section */
		201467E928B89A7000C4C9C0 /* AppDelegate.swift in Sources */ = {isa = PBXBuildFile; fileRef = 201467E828B89A7000C4C9C0 /* AppDelegate.swift */; };
		201467EB28B89A7000C4C9C0 /* SceneDelegate.swift in Sources */ = {isa = PBXBuildFile; fileRef = 201467EA28B89A7000C4C9C0 /* SceneDelegate.swift */; };
		201467ED28B89A7000C4C9C0 /* GreetingsVC.swift in Sources */ = {isa = PBXBuildFile; fileRef = 201467EC28B89A7000C4C9C0 /* GreetingsVC.swift */; };
		201467F228B89A7300C4C9C0 /* Assets.xcassets in Resources */ = {isa = PBXBuildFile; fileRef = 201467F128B89A7300C4C9C0 /* Assets.xcassets */; };
		201467F528B89A7300C4C9C0 /* LaunchScreen.storyboard in Resources */ = {isa = PBXBuildFile; fileRef = 201467F328B89A7300C4C9C0 /* LaunchScreen.storyboard */; };
		201467FE28B89C6100C4C9C0 /* AuthorizationVC.swift in Sources */ = {isa = PBXBuildFile; fileRef = 201467FD28B89C6100C4C9C0 /* AuthorizationVC.swift */; };
		2014680028B89C7400C4C9C0 /* ChatVC.swift in Sources */ = {isa = PBXBuildFile; fileRef = 201467FF28B89C7400C4C9C0 /* ChatVC.swift */; };
		2014680228B8B00700C4C9C0 /* DialogsVC.swift in Sources */ = {isa = PBXBuildFile; fileRef = 2014680128B8B00700C4C9C0 /* DialogsVC.swift */; };
		2014680428B8BEE600C4C9C0 /* UIButton+ext.swift in Sources */ = {isa = PBXBuildFile; fileRef = 2014680328B8BEE600C4C9C0 /* UIButton+ext.swift */; };
		2014680A28B8C5AE00C4C9C0 /* UICollor+ext.swift in Sources */ = {isa = PBXBuildFile; fileRef = 2014680928B8C5AE00C4C9C0 /* UICollor+ext.swift */; };
		204AF32B28C5FA7300FE05C0 /* String+ext.swift in Sources */ = {isa = PBXBuildFile; fileRef = 204AF32A28C5FA7200FE05C0 /* String+ext.swift */; };
		20D6F35E28BCF3380094D893 /* Just.swift in Sources */ = {isa = PBXBuildFile; fileRef = 20D6F35D28BCF3380094D893 /* Just.swift */; };
		20D6F36628BE00990094D893 /* UITextField+ext.swift in Sources */ = {isa = PBXBuildFile; fileRef = 20D6F36528BE00990094D893 /* UITextField+ext.swift */; };
		20D6F36D28BE5A6C0094D893 /* App.swift in Sources */ = {isa = PBXBuildFile; fileRef = 20D6F36C28BE5A6C0094D893 /* App.swift */; };
		20D8C04328EB12D700935172 /* MessageCell.swift in Sources */ = {isa = PBXBuildFile; fileRef = 20D8C04228EB12D700935172 /* MessageCell.swift */; };
		20D8C04528EB137200935172 /* TabBar.swift in Sources */ = {isa = PBXBuildFile; fileRef = 20D8C04428EB137200935172 /* TabBar.swift */; };
		20D8C04728EB139300935172 /* CustomTabBar.swift in Sources */ = {isa = PBXBuildFile; fileRef = 20D8C04628EB139300935172 /* CustomTabBar.swift */; };
		20D8C04928EB13C100935172 /* DialogsCell.swift in Sources */ = {isa = PBXBuildFile; fileRef = 20D8C04828EB13C000935172 /* DialogsCell.swift */; };
		819FDA07CCC3187597CC9542 /* Pods_SwiftChat.framework in Frameworks */ = {isa = PBXBuildFile; fileRef = 30AAC8553D0E8C2E6804E119 /* Pods_SwiftChat.framework */; };
/* End PBXBuildFile section */

/* Begin PBXFileReference section */
		201467E528B89A7000C4C9C0 /* SwiftChat.app */ = {isa = PBXFileReference; explicitFileType = wrapper.application; includeInIndex = 0; path = SwiftChat.app; sourceTree = BUILT_PRODUCTS_DIR; };
		201467E828B89A7000C4C9C0 /* AppDelegate.swift */ = {isa = PBXFileReference; lastKnownFileType = sourcecode.swift; path = AppDelegate.swift; sourceTree = "<group>"; };
		201467EA28B89A7000C4C9C0 /* SceneDelegate.swift */ = {isa = PBXFileReference; lastKnownFileType = sourcecode.swift; path = SceneDelegate.swift; sourceTree = "<group>"; };
		201467EC28B89A7000C4C9C0 /* GreetingsVC.swift */ = {isa = PBXFileReference; lastKnownFileType = sourcecode.swift; path = GreetingsVC.swift; sourceTree = "<group>"; };
		201467F128B89A7300C4C9C0 /* Assets.xcassets */ = {isa = PBXFileReference; lastKnownFileType = folder.assetcatalog; path = Assets.xcassets; sourceTree = "<group>"; };
		201467F428B89A7300C4C9C0 /* Base */ = {isa = PBXFileReference; lastKnownFileType = file.storyboard; name = Base; path = Base.lproj/LaunchScreen.storyboard; sourceTree = "<group>"; };
		201467F628B89A7300C4C9C0 /* Info.plist */ = {isa = PBXFileReference; lastKnownFileType = text.plist.xml; path = Info.plist; sourceTree = "<group>"; };
		201467FD28B89C6100C4C9C0 /* AuthorizationVC.swift */ = {isa = PBXFileReference; lastKnownFileType = sourcecode.swift; path = AuthorizationVC.swift; sourceTree = "<group>"; };
		201467FF28B89C7400C4C9C0 /* ChatVC.swift */ = {isa = PBXFileReference; lastKnownFileType = sourcecode.swift; path = ChatVC.swift; sourceTree = "<group>"; };
		2014680128B8B00700C4C9C0 /* DialogsVC.swift */ = {isa = PBXFileReference; lastKnownFileType = sourcecode.swift; path = DialogsVC.swift; sourceTree = "<group>"; };
		2014680328B8BEE600C4C9C0 /* UIButton+ext.swift */ = {isa = PBXFileReference; lastKnownFileType = sourcecode.swift; path = "UIButton+ext.swift"; sourceTree = "<group>"; };
		2014680928B8C5AE00C4C9C0 /* UICollor+ext.swift */ = {isa = PBXFileReference; lastKnownFileType = sourcecode.swift; path = "UICollor+ext.swift"; sourceTree = "<group>"; };
		204AF32A28C5FA7200FE05C0 /* String+ext.swift */ = {isa = PBXFileReference; lastKnownFileType = sourcecode.swift; path = "String+ext.swift"; sourceTree = "<group>"; };
		20D6F35D28BCF3380094D893 /* Just.swift */ = {isa = PBXFileReference; fileEncoding = 4; lastKnownFileType = sourcecode.swift; path = Just.swift; sourceTree = "<group>"; };
		20D6F36528BE00990094D893 /* UITextField+ext.swift */ = {isa = PBXFileReference; lastKnownFileType = sourcecode.swift; path = "UITextField+ext.swift"; sourceTree = "<group>"; };
		20D6F36C28BE5A6C0094D893 /* App.swift */ = {isa = PBXFileReference; lastKnownFileType = sourcecode.swift; path = App.swift; sourceTree = "<group>"; };
		20D8C04228EB12D700935172 /* MessageCell.swift */ = {isa = PBXFileReference; lastKnownFileType = sourcecode.swift; path = MessageCell.swift; sourceTree = "<group>"; };
		20D8C04428EB137200935172 /* TabBar.swift */ = {isa = PBXFileReference; lastKnownFileType = sourcecode.swift; path = TabBar.swift; sourceTree = "<group>"; };
		20D8C04628EB139300935172 /* CustomTabBar.swift */ = {isa = PBXFileReference; lastKnownFileType = sourcecode.swift; path = CustomTabBar.swift; sourceTree = "<group>"; };
		20D8C04828EB13C000935172 /* DialogsCell.swift */ = {isa = PBXFileReference; lastKnownFileType = sourcecode.swift; path = DialogsCell.swift; sourceTree = "<group>"; };
		30AAC8553D0E8C2E6804E119 /* Pods_SwiftChat.framework */ = {isa = PBXFileReference; explicitFileType = wrapper.framework; includeInIndex = 0; path = Pods_SwiftChat.framework; sourceTree = BUILT_PRODUCTS_DIR; };
		C8CED3B7AF8029D520F930AE /* Pods-SwiftChat.release.xcconfig */ = {isa = PBXFileReference; includeInIndex = 1; lastKnownFileType = text.xcconfig; name = "Pods-SwiftChat.release.xcconfig"; path = "Target Support Files/Pods-SwiftChat/Pods-SwiftChat.release.xcconfig"; sourceTree = "<group>"; };
		F5D722D3D81C5FAF730592E5 /* Pods-SwiftChat.debug.xcconfig */ = {isa = PBXFileReference; includeInIndex = 1; lastKnownFileType = text.xcconfig; name = "Pods-SwiftChat.debug.xcconfig"; path = "Target Support Files/Pods-SwiftChat/Pods-SwiftChat.debug.xcconfig"; sourceTree = "<group>"; };
/* End PBXFileReference section */

/* Begin PBXFrameworksBuildPhase section */
		201467E228B89A7000C4C9C0 /* Frameworks */ = {
			isa = PBXFrameworksBuildPhase;
			buildActionMask = 2147483647;
			files = (
				819FDA07CCC3187597CC9542 /* Pods_SwiftChat.framework in Frameworks */,
			);
			runOnlyForDeploymentPostprocessing = 0;
		};
/* End PBXFrameworksBuildPhase section */

/* Begin PBXGroup section */
		1C0A4ED6E8B5DA0392AB40D5 /* Pods */ = {
			isa = PBXGroup;
			children = (
				F5D722D3D81C5FAF730592E5 /* Pods-SwiftChat.debug.xcconfig */,
				C8CED3B7AF8029D520F930AE /* Pods-SwiftChat.release.xcconfig */,
			);
			path = Pods;
			sourceTree = "<group>";
		};
		201467DC28B89A7000C4C9C0 = {
			isa = PBXGroup;
			children = (
				201467E728B89A7000C4C9C0 /* SwiftChat */,
				201467E628B89A7000C4C9C0 /* Products */,
				1C0A4ED6E8B5DA0392AB40D5 /* Pods */,
				D50F4B64A3FF7AC29E2A8F90 /* Frameworks */,
			);
			sourceTree = "<group>";
		};
		201467E628B89A7000C4C9C0 /* Products */ = {
			isa = PBXGroup;
			children = (
				201467E528B89A7000C4C9C0 /* SwiftChat.app */,
			);
			name = Products;
			sourceTree = "<group>";
		};
		201467E728B89A7000C4C9C0 /* SwiftChat */ = {
			isa = PBXGroup;
			children = (
				2014680528B8BFB000C4C9C0 /* Extention */,
				201467E828B89A7000C4C9C0 /* AppDelegate.swift */,
				201467EA28B89A7000C4C9C0 /* SceneDelegate.swift */,
				201467EC28B89A7000C4C9C0 /* GreetingsVC.swift */,
				201467FD28B89C6100C4C9C0 /* AuthorizationVC.swift */,
				201467FF28B89C7400C4C9C0 /* ChatVC.swift */,
				20D8C04228EB12D700935172 /* MessageCell.swift */,
				2014680128B8B00700C4C9C0 /* DialogsVC.swift */,
				20D8C04428EB137200935172 /* TabBar.swift */,
				20D8C04628EB139300935172 /* CustomTabBar.swift */,
				20D8C04828EB13C000935172 /* DialogsCell.swift */,
				20D6F36C28BE5A6C0094D893 /* App.swift */,
				201467FC28B89AA100C4C9C0 /* SupportingFiles */,
			);
			path = SwiftChat;
			sourceTree = "<group>";
		};
		201467FC28B89AA100C4C9C0 /* SupportingFiles */ = {
			isa = PBXGroup;
			children = (
				20D6F35D28BCF3380094D893 /* Just.swift */,
				201467F128B89A7300C4C9C0 /* Assets.xcassets */,
				201467F628B89A7300C4C9C0 /* Info.plist */,
				201467F328B89A7300C4C9C0 /* LaunchScreen.storyboard */,
			);
			path = SupportingFiles;
			sourceTree = "<group>";
		};
		2014680528B8BFB000C4C9C0 /* Extention */ = {
			isa = PBXGroup;
			children = (
				2014680328B8BEE600C4C9C0 /* UIButton+ext.swift */,
				2014680928B8C5AE00C4C9C0 /* UICollor+ext.swift */,
				20D6F36528BE00990094D893 /* UITextField+ext.swift */,
				204AF32A28C5FA7200FE05C0 /* String+ext.swift */,
			);
			path = Extention;
			sourceTree = "<group>";
		};
		D50F4B64A3FF7AC29E2A8F90 /* Frameworks */ = {
			isa = PBXGroup;
			children = (
				30AAC8553D0E8C2E6804E119 /* Pods_SwiftChat.framework */,
			);
			name = Frameworks;
			sourceTree = "<group>";
		};
/* End PBXGroup section */

/* Begin PBXNativeTarget section */
		201467E428B89A7000C4C9C0 /* SwiftChat */ = {
			isa = PBXNativeTarget;
			buildConfigurationList = 201467F928B89A7300C4C9C0 /* Build configuration list for PBXNativeTarget "SwiftChat" */;
			buildPhases = (
				EF3D4BA05A9DF689C2232771 /* [CP] Check Pods Manifest.lock */,
				201467E128B89A7000C4C9C0 /* Sources */,
				201467E228B89A7000C4C9C0 /* Frameworks */,
				201467E328B89A7000C4C9C0 /* Resources */,
				378F85025706DEBA921FBB96 /* [CP] Embed Pods Frameworks */,
			);
			buildRules = (
			);
			dependencies = (
			);
			name = SwiftChat;
			productName = SwiftChat;
			productReference = 201467E528B89A7000C4C9C0 /* SwiftChat.app */;
			productType = "com.apple.product-type.application";
		};
/* End PBXNativeTarget section */

/* Begin PBXProject section */
		201467DD28B89A7000C4C9C0 /* Project object */ = {
			isa = PBXProject;
			attributes = {
				BuildIndependentTargetsInParallel = 1;
				LastSwiftUpdateCheck = 1340;
				LastUpgradeCheck = 1340;
				TargetAttributes = {
					201467E428B89A7000C4C9C0 = {
						CreatedOnToolsVersion = 13.4.1;
					};
				};
			};
			buildConfigurationList = 201467E028B89A7000C4C9C0 /* Build configuration list for PBXProject "SwiftChat" */;
			compatibilityVersion = "Xcode 13.0";
			developmentRegion = en;
			hasScannedForEncodings = 0;
			knownRegions = (
				en,
				Base,
			);
			mainGroup = 201467DC28B89A7000C4C9C0;
			productRefGroup = 201467E628B89A7000C4C9C0 /* Products */;
			projectDirPath = "";
			projectRoot = "";
			targets = (
				201467E428B89A7000C4C9C0 /* SwiftChat */,
			);
		};
/* End PBXProject section */

/* Begin PBXResourcesBuildPhase section */
		201467E328B89A7000C4C9C0 /* Resources */ = {
			isa = PBXResourcesBuildPhase;
			buildActionMask = 2147483647;
			files = (
				201467F528B89A7300C4C9C0 /* LaunchScreen.storyboard in Resources */,
				201467F228B89A7300C4C9C0 /* Assets.xcassets in Resources */,
			);
			runOnlyForDeploymentPostprocessing = 0;
		};
/* End PBXResourcesBuildPhase section */

/* Begin PBXShellScriptBuildPhase section */
		378F85025706DEBA921FBB96 /* [CP] Embed Pods Frameworks */ = {
			isa = PBXShellScriptBuildPhase;
			buildActionMask = 2147483647;
			files = (
			);
			inputFileListPaths = (
				"${PODS_ROOT}/Target Support Files/Pods-SwiftChat/Pods-SwiftChat-frameworks-${CONFIGURATION}-input-files.xcfilelist",
			);
			name = "[CP] Embed Pods Frameworks";
			outputFileListPaths = (
				"${PODS_ROOT}/Target Support Files/Pods-SwiftChat/Pods-SwiftChat-frameworks-${CONFIGURATION}-output-files.xcfilelist",
			);
			runOnlyForDeploymentPostprocessing = 0;
			shellPath = /bin/sh;
			shellScript = "\"${PODS_ROOT}/Target Support Files/Pods-SwiftChat/Pods-SwiftChat-frameworks.sh\"\n";
			showEnvVarsInLog = 0;
		};
		EF3D4BA05A9DF689C2232771 /* [CP] Check Pods Manifest.lock */ = {
			isa = PBXShellScriptBuildPhase;
			buildActionMask = 2147483647;
			files = (
			);
			inputFileListPaths = (
			);
			inputPaths = (
				"${PODS_PODFILE_DIR_PATH}/Podfile.lock",
				"${PODS_ROOT}/Manifest.lock",
			);
			name = "[CP] Check Pods Manifest.lock";
			outputFileListPaths = (
			);
			outputPaths = (
				"$(DERIVED_FILE_DIR)/Pods-SwiftChat-checkManifestLockResult.txt",
			);
			runOnlyForDeploymentPostprocessing = 0;
			shellPath = /bin/sh;
			shellScript = "diff \"${PODS_PODFILE_DIR_PATH}/Podfile.lock\" \"${PODS_ROOT}/Manifest.lock\" > /dev/null\nif [ $? != 0 ] ; then\n    # print error to STDERR\n    echo \"error: The sandbox is not in sync with the Podfile.lock. Run 'pod install' or update your CocoaPods installation.\" >&2\n    exit 1\nfi\n# This output is used by Xcode 'outputs' to avoid re-running this script phase.\necho \"SUCCESS\" > \"${SCRIPT_OUTPUT_FILE_0}\"\n";
			showEnvVarsInLog = 0;
		};
/* End PBXShellScriptBuildPhase section */

/* Begin PBXSourcesBuildPhase section */
		201467E128B89A7000C4C9C0 /* Sources */ = {
			isa = PBXSourcesBuildPhase;
			buildActionMask = 2147483647;
			files = (
				2014680228B8B00700C4C9C0 /* DialogsVC.swift in Sources */,
				20D8C04728EB139300935172 /* CustomTabBar.swift in Sources */,
				201467ED28B89A7000C4C9C0 /* GreetingsVC.swift in Sources */,
				20D6F36D28BE5A6C0094D893 /* App.swift in Sources */,
				2014680A28B8C5AE00C4C9C0 /* UICollor+ext.swift in Sources */,
				20D8C04328EB12D700935172 /* MessageCell.swift in Sources */,
				20D6F36628BE00990094D893 /* UITextField+ext.swift in Sources */,
				20D6F35E28BCF3380094D893 /* Just.swift in Sources */,
				201467E928B89A7000C4C9C0 /* AppDelegate.swift in Sources */,
				201467FE28B89C6100C4C9C0 /* AuthorizationVC.swift in Sources */,
				201467EB28B89A7000C4C9C0 /* SceneDelegate.swift in Sources */,
				2014680028B89C7400C4C9C0 /* ChatVC.swift in Sources */,
				204AF32B28C5FA7300FE05C0 /* String+ext.swift in Sources */,
				2014680428B8BEE600C4C9C0 /* UIButton+ext.swift in Sources */,
				20D8C04528EB137200935172 /* TabBar.swift in Sources */,
				20D8C04928EB13C100935172 /* DialogsCell.swift in Sources */,
			);
			runOnlyForDeploymentPostprocessing = 0;
		};
/* End PBXSourcesBuildPhase section */

/* Begin PBXVariantGroup section */
		201467F328B89A7300C4C9C0 /* LaunchScreen.storyboard */ = {
			isa = PBXVariantGroup;
			children = (
				201467F428B89A7300C4C9C0 /* Base */,
			);
			name = LaunchScreen.storyboard;
			sourceTree = "<group>";
		};
/* End PBXVariantGroup section */

/* Begin XCBuildConfiguration section */
		201467F728B89A7300C4C9C0 /* Debug */ = {
			isa = XCBuildConfiguration;
			buildSettings = {
				ALWAYS_SEARCH_USER_PATHS = NO;
				CLANG_ANALYZER_NONNULL = YES;
				CLANG_ANALYZER_NUMBER_OBJECT_CONVERSION = YES_AGGRESSIVE;
				CLANG_CXX_LANGUAGE_STANDARD = "gnu++17";
				CLANG_ENABLE_MODULES = YES;
				CLANG_ENABLE_OBJC_ARC = YES;
				CLANG_ENABLE_OBJC_WEAK = YES;
				CLANG_WARN_BLOCK_CAPTURE_AUTORELEASING = YES;
				CLANG_WARN_BOOL_CONVERSION = YES;
				CLANG_WARN_COMMA = YES;
				CLANG_WARN_CONSTANT_CONVERSION = YES;
				CLANG_WARN_DEPRECATED_OBJC_IMPLEMENTATIONS = YES;
				CLANG_WARN_DIRECT_OBJC_ISA_USAGE = YES_ERROR;
				CLANG_WARN_DOCUMENTATION_COMMENTS = YES;
				CLANG_WARN_EMPTY_BODY = YES;
				CLANG_WARN_ENUM_CONVERSION = YES;
				CLANG_WARN_INFINITE_RECURSION = YES;
				CLANG_WARN_INT_CONVERSION = YES;
				CLANG_WARN_NON_LITERAL_NULL_CONVERSION = YES;
				CLANG_WARN_OBJC_IMPLICIT_RETAIN_SELF = YES;
				CLANG_WARN_OBJC_LITERAL_CONVERSION = YES;
				CLANG_WARN_OBJC_ROOT_CLASS = YES_ERROR;
				CLANG_WARN_QUOTED_INCLUDE_IN_FRAMEWORK_HEADER = YES;
				CLANG_WARN_RANGE_LOOP_ANALYSIS = YES;
				CLANG_WARN_STRICT_PROTOTYPES = YES;
				CLANG_WARN_SUSPICIOUS_MOVE = YES;
				CLANG_WARN_UNGUARDED_AVAILABILITY = YES_AGGRESSIVE;
				CLANG_WARN_UNREACHABLE_CODE = YES;
				CLANG_WARN__DUPLICATE_METHOD_MATCH = YES;
				COPY_PHASE_STRIP = NO;
				DEBUG_INFORMATION_FORMAT = dwarf;
				ENABLE_STRICT_OBJC_MSGSEND = YES;
				ENABLE_TESTABILITY = YES;
				GCC_C_LANGUAGE_STANDARD = gnu11;
				GCC_DYNAMIC_NO_PIC = NO;
				GCC_NO_COMMON_BLOCKS = YES;
				GCC_OPTIMIZATION_LEVEL = 0;
				GCC_PREPROCESSOR_DEFINITIONS = (
					"DEBUG=1",
					"$(inherited)",
				);
				GCC_WARN_64_TO_32_BIT_CONVERSION = YES;
				GCC_WARN_ABOUT_RETURN_TYPE = YES_ERROR;
				GCC_WARN_UNDECLARED_SELECTOR = YES;
				GCC_WARN_UNINITIALIZED_AUTOS = YES_AGGRESSIVE;
				GCC_WARN_UNUSED_FUNCTION = YES;
				GCC_WARN_UNUSED_VARIABLE = YES;
				IPHONEOS_DEPLOYMENT_TARGET = 15.5;
				MTL_ENABLE_DEBUG_INFO = INCLUDE_SOURCE;
				MTL_FAST_MATH = YES;
				ONLY_ACTIVE_ARCH = YES;
				SDKROOT = iphoneos;
				SWIFT_ACTIVE_COMPILATION_CONDITIONS = DEBUG;
				SWIFT_OPTIMIZATION_LEVEL = "-Onone";
			};
			name = Debug;
		};
		201467F828B89A7300C4C9C0 /* Release */ = {
			isa = XCBuildConfiguration;
			buildSettings = {
				ALWAYS_SEARCH_USER_PATHS = NO;
				CLANG_ANALYZER_NONNULL = YES;
				CLANG_ANALYZER_NUMBER_OBJECT_CONVERSION = YES_AGGRESSIVE;
				CLANG_CXX_LANGUAGE_STANDARD = "gnu++17";
				CLANG_ENABLE_MODULES = YES;
				CLANG_ENABLE_OBJC_ARC = YES;
				CLANG_ENABLE_OBJC_WEAK = YES;
				CLANG_WARN_BLOCK_CAPTURE_AUTORELEASING = YES;
				CLANG_WARN_BOOL_CONVERSION = YES;
				CLANG_WARN_COMMA = YES;
				CLANG_WARN_CONSTANT_CONVERSION = YES;
				CLANG_WARN_DEPRECATED_OBJC_IMPLEMENTATIONS = YES;
				CLANG_WARN_DIRECT_OBJC_ISA_USAGE = YES_ERROR;
				CLANG_WARN_DOCUMENTATION_COMMENTS = YES;
				CLANG_WARN_EMPTY_BODY = YES;
				CLANG_WARN_ENUM_CONVERSION = YES;
				CLANG_WARN_INFINITE_RECURSION = YES;
				CLANG_WARN_INT_CONVERSION = YES;
				CLANG_WARN_NON_LITERAL_NULL_CONVERSION = YES;
				CLANG_WARN_OBJC_IMPLICIT_RETAIN_SELF = YES;
				CLANG_WARN_OBJC_LITERAL_CONVERSION = YES;
				CLANG_WARN_OBJC_ROOT_CLASS = YES_ERROR;
				CLANG_WARN_QUOTED_INCLUDE_IN_FRAMEWORK_HEADER = YES;
				CLANG_WARN_RANGE_LOOP_ANALYSIS = YES;
				CLANG_WARN_STRICT_PROTOTYPES = YES;
				CLANG_WARN_SUSPICIOUS_MOVE = YES;
				CLANG_WARN_UNGUARDED_AVAILABILITY = YES_AGGRESSIVE;
				CLANG_WARN_UNREACHABLE_CODE = YES;
				CLANG_WARN__DUPLICATE_METHOD_MATCH = YES;
				COPY_PHASE_STRIP = NO;
				DEBUG_INFORMATION_FORMAT = "dwarf-with-dsym";
				ENABLE_NS_ASSERTIONS = NO;
				ENABLE_STRICT_OBJC_MSGSEND = YES;
				GCC_C_LANGUAGE_STANDARD = gnu11;
				GCC_NO_COMMON_BLOCKS = YES;
				GCC_WARN_64_TO_32_BIT_CONVERSION = YES;
				GCC_WARN_ABOUT_RETURN_TYPE = YES_ERROR;
				GCC_WARN_UNDECLARED_SELECTOR = YES;
				GCC_WARN_UNINITIALIZED_AUTOS = YES_AGGRESSIVE;
				GCC_WARN_UNUSED_FUNCTION = YES;
				GCC_WARN_UNUSED_VARIABLE = YES;
				IPHONEOS_DEPLOYMENT_TARGET = 15.5;
				MTL_ENABLE_DEBUG_INFO = NO;
				MTL_FAST_MATH = YES;
				SDKROOT = iphoneos;
				SWIFT_COMPILATION_MODE = wholemodule;
				SWIFT_OPTIMIZATION_LEVEL = "-O";
				VALIDATE_PRODUCT = YES;
			};
			name = Release;
		};
		201467FA28B89A7300C4C9C0 /* Debug */ = {
			isa = XCBuildConfiguration;
			baseConfigurationReference = F5D722D3D81C5FAF730592E5 /* Pods-SwiftChat.debug.xcconfig */;
			buildSettings = {
				ASSETCATALOG_COMPILER_APPICON_NAME = AppIcon;
				ASSETCATALOG_COMPILER_GLOBAL_ACCENT_COLOR_NAME = AccentColor;
				CODE_SIGN_STYLE = Automatic;
				CURRENT_PROJECT_VERSION = 1;
				DEVELOPMENT_TEAM = Q6CQH2T6SR;
				GENERATE_INFOPLIST_FILE = YES;
				INFOPLIST_FILE = SwiftChat/SupportingFiles/Info.plist;
				INFOPLIST_KEY_UIApplicationSupportsIndirectInputEvents = YES;
				INFOPLIST_KEY_UILaunchStoryboardName = LaunchScreen;
				INFOPLIST_KEY_UISupportedInterfaceOrientations_iPad = "UIInterfaceOrientationPortrait UIInterfaceOrientationPortraitUpsideDown UIInterfaceOrientationLandscapeLeft UIInterfaceOrientationLandscapeRight";
				INFOPLIST_KEY_UISupportedInterfaceOrientations_iPhone = "UIInterfaceOrientationPortrait UIInterfaceOrientationLandscapeLeft UIInterfaceOrientationLandscapeRight";
				LD_RUNPATH_SEARCH_PATHS = (
					"$(inherited)",
					"@executable_path/Frameworks",
				);
				MARKETING_VERSION = 1.0;
				PRODUCT_BUNDLE_IDENTIFIER = Pet.SwiftChat;
				PRODUCT_NAME = "$(TARGET_NAME)";
				SWIFT_EMIT_LOC_STRINGS = YES;
				SWIFT_VERSION = 5.0;
				TARGETED_DEVICE_FAMILY = 1;
			};
			name = Debug;
		};
		201467FB28B89A7300C4C9C0 /* Release */ = {
			isa = XCBuildConfiguration;
			baseConfigurationReference = C8CED3B7AF8029D520F930AE /* Pods-SwiftChat.release.xcconfig */;
			buildSettings = {
				ASSETCATALOG_COMPILER_APPICON_NAME = AppIcon;
				ASSETCATALOG_COMPILER_GLOBAL_ACCENT_COLOR_NAME = AccentColor;
				CODE_SIGN_STYLE = Automatic;
				CURRENT_PROJECT_VERSION = 1;
				DEVELOPMENT_TEAM = Q6CQH2T6SR;
				GENERATE_INFOPLIST_FILE = YES;
				INFOPLIST_FILE = SwiftChat/SupportingFiles/Info.plist;
				INFOPLIST_KEY_UIApplicationSupportsIndirectInputEvents = YES;
				INFOPLIST_KEY_UILaunchStoryboardName = LaunchScreen;
				INFOPLIST_KEY_UISupportedInterfaceOrientations_iPad = "UIInterfaceOrientationPortrait UIInterfaceOrientationPortraitUpsideDown UIInterfaceOrientationLandscapeLeft UIInterfaceOrientationLandscapeRight";
				INFOPLIST_KEY_UISupportedInterfaceOrientations_iPhone = "UIInterfaceOrientationPortrait UIInterfaceOrientationLandscapeLeft UIInterfaceOrientationLandscapeRight";
				LD_RUNPATH_SEARCH_PATHS = (
					"$(inherited)",
					"@executable_path/Frameworks",
				);
				MARKETING_VERSION = 1.0;
				PRODUCT_BUNDLE_IDENTIFIER = Pet.SwiftChat;
				PRODUCT_NAME = "$(TARGET_NAME)";
				SWIFT_EMIT_LOC_STRINGS = YES;
				SWIFT_VERSION = 5.0;
				TARGETED_DEVICE_FAMILY = 1;
			};
			name = Release;
		};
/* End XCBuildConfiguration section */

/* Begin XCConfigurationList section */
		201467E028B89A7000C4C9C0 /* Build configuration list for PBXProject "SwiftChat" */ = {
			isa = XCConfigurationList;
			buildConfigurations = (
				201467F728B89A7300C4C9C0 /* Debug */,
				201467F828B89A7300C4C9C0 /* Release */,
			);
			defaultConfigurationIsVisible = 0;
			defaultConfigurationName = Release;
		};
		201467F928B89A7300C4C9C0 /* Build configuration list for PBXNativeTarget "SwiftChat" */ = {
			isa = XCConfigurationList;
			buildConfigurations = (
				201467FA28B89A7300C4C9C0 /* Debug */,
				201467FB28B89A7300C4C9C0 /* Release */,
			);
			defaultConfigurationIsVisible = 0;
			defaultConfigurationName = Release;
		};
/* End XCConfigurationList section */
	};
	rootObject = 201467DD28B89A7000C4C9C0 /* Project object */;
}
